
Microsoft Visual Studio Solution File, Format Version 12.00
# Visual Studio Version 17
VisualStudioVersion = 17.5.33516.290
MinimumVisualStudioVersion = 10.0.40219.1
Project("{9A19103F-16F7-4668-BE54-9A1E7A4F7556}") = "MyProject.APP", "MyProject.APP\MyProject.APP.csproj", "{07A80C5F-B9F5-407E-A6C9-96B605D73D77}"
EndProject
Project("{9A19103F-16F7-4668-BE54-9A1E7A4F7556}") = "MyProject.BLL", "MyProject.BLL\MyProject.BLL.csproj", "{57A956B2-3928-4075-A2AF-36C3143406F6}"
EndProject
Project("{9A19103F-16F7-4668-BE54-9A1E7A4F7556}") = "MyProject.DAL", "MyProject.DAL\MyProject.DAL.csproj", "{A358D5B2-2202-43D5-93B4-8F23664CEDD6}"
EndProject
Project("{9A19103F-16F7-4668-BE54-9A1E7A4F7556}") = "MyProject.MODEL", "MyProject.MODEL\MyProject.MODEL.csproj", "{60F37D54-79FD-42BC-AC5F-26EF0DA4BD75}"
EndProject
Project("{FAE04EC0-301F-11D3-BF4B-00C04F79EFBC}") = "MyProject.APPv2", "MyProject.APPv2\MyProject.APPv2.csproj", "{6DF0E78A-1727-4E75-862F-0BF178CA2473}"
EndProject
Global
	GlobalSection(SolutionConfigurationPlatforms) = preSolution
		Debug|Any CPU = Debug|Any CPU
		Release|Any CPU = Release|Any CPU
	EndGlobalSection
	GlobalSection(ProjectConfigurationPlatforms) = postSolution
		{07A80C5F-B9F5-407E-A6C9-96B605D73D77}.Debug|Any CPU.ActiveCfg = Debug|Any CPU
		{07A80C5F-B9F5-407E-A6C9-96B605D73D77}.Debug|Any CPU.Build.0 = Debug|Any CPU
		{07A80C5F-B9F5-407E-A6C9-96B605D73D77}.Release|Any CPU.ActiveCfg = Release|Any CPU
		{07A80C5F-B9F5-407E-A6C9-96B605D73D77}.Release|Any CPU.Build.0 = Release|Any CPU
		{57A956B2-3928-4075-A2AF-36C3143406F6}.Debug|Any CPU.ActiveCfg = Debug|Any CPU
		{57A956B2-3928-4075-A2AF-36C3143406F6}.Debug|Any CPU.Build.0 = Debug|Any CPU
		{57A956B2-3928-4075-A2AF-36C3143406F6}.Release|Any CPU.ActiveCfg = Release|Any CPU
		{57A956B2-3928-4075-A2AF-36C3143406F6}.Release|Any CPU.Build.0 = Release|Any CPU
		{A358D5B2-2202-43D5-93B4-8F23664CEDD6}.Debug|Any CPU.ActiveCfg = Debug|Any CPU
		{A358D5B2-2202-43D5-93B4-8F23664CEDD6}.Debug|Any CPU.Build.0 = Debug|Any CPU
		{A358D5B2-2202-43D5-93B4-8F23664CEDD6}.Release|Any CPU.ActiveCfg = Release|Any CPU
		{A358D5B2-2202-43D5-93B4-8F23664CEDD6}.Release|Any CPU.Build.0 = Release|Any CPU
		{60F37D54-79FD-42BC-AC5F-26EF0DA4BD75}.Debug|Any CPU.ActiveCfg = Debug|Any CPU
		{60F37D54-79FD-42BC-AC5F-26EF0DA4BD75}.Debug|Any CPU.Build.0 = Debug|Any CPU
		{60F37D54-79FD-42BC-AC5F-26EF0DA4BD75}.Release|Any CPU.ActiveCfg = Release|Any CPU
		{60F37D54-79FD-42BC-AC5F-26EF0DA4BD75}.Release|Any CPU.Build.0 = Release|Any CPU
		{6DF0E78A-1727-4E75-862F-0BF178CA2473}.Debug|Any CPU.ActiveCfg = Debug|Any CPU
		{6DF0E78A-1727-4E75-862F-0BF178CA2473}.Debug|Any CPU.Build.0 = Debug|Any CPU
		{6DF0E78A-1727-4E75-862F-0BF178CA2473}.Release|Any CPU.ActiveCfg = Release|Any CPU
		{6DF0E78A-1727-4E75-862F-0BF178CA2473}.Release|Any CPU.Build.0 = Release|Any CPU
	EndGlobalSection
	GlobalSection(SolutionProperties) = preSolution
		HideSolutionNode = FALSE
	EndGlobalSection
	GlobalSection(ExtensibilityGlobals) = postSolution
		SolutionGuid = {F9072CFE-B2D5-4E3C-A0C7-B74C073103FE}
	EndGlobalSection
EndGlobal
